{
  "requires": true,
  "lockfileVersion": 1,
  "dependencies": {
    "@angular/animations": {
      "version": "6.1.0",
      "resolved": "https://registry.npmjs.org/@angular/animations/-/animations-6.1.0.tgz",
      "integrity": "sha512-9IJs1czyoOlgcaY3QUyQI0XeTFX45Qr/o5qlPrce240gi7TXbdJs3WIbLzxx7BhMf20GholCaOvSS3BZrNlFSA==",
      "requires": {
        "tslib": "1.9.3"
      }
    },
    "@angular/common": {
      "version": "6.1.0",
      "resolved": "https://registry.npmjs.org/@angular/common/-/common-6.1.0.tgz",
      "integrity": "sha512-uxdjxbuTYiCsOcrfO9EumGrfXo+7nB7HlS9F4wraKcnR22oJYNUh36meFKZwpoj5pDIBLnZQu75boI16o3W+SQ==",
      "requires": {
        "tslib": "1.9.3"
      }
    },
    "@angular/compiler": {
      "version": "6.1.0",
      "resolved": "https://registry.npmjs.org/@angular/compiler/-/compiler-6.1.0.tgz",
      "integrity": "sha512-5c8ZYCFv0xccy0F12zBRIJX0pJd9BgCThJuhVJAuaRFFOqPZl8FKEO3SFqKJNywT0UktZD9JpYFKxhUVxuSHDg==",
      "requires": {
        "tslib": "1.9.3"
      }
    },
    "@angular/core": {
      "version": "6.1.0",
      "resolved": "https://registry.npmjs.org/@angular/core/-/core-6.1.0.tgz",
      "integrity": "sha512-gWu9Q7q2+fhFC5dl/BvGW7Ha7NUJtK9wQLYQlfIMim4lKTOiM1/S0MYBVMrEq58ldMr9DnA35f5jGno3x6/v+g==",
      "requires": {
        "tslib": "1.9.3"
      }
    },
    "@angular/forms": {
      "version": "6.1.0",
      "resolved": "https://registry.npmjs.org/@angular/forms/-/forms-6.1.0.tgz",
      "integrity": "sha512-6InfsKWEL9w2RvTXjy5R3F8GRjENT9d444o95aSvf+ZK7KsYOeIwcYgN2pw+LjfNu2O3EbAqps8APQ6oD/Fn3A==",
      "requires": {
        "tslib": "1.9.3"
      }
    },
    "@angular/http": {
      "version": "6.1.0",
      "resolved": "https://registry.npmjs.org/@angular/http/-/http-6.1.0.tgz",
      "integrity": "sha512-Tky6T93xX22m7zeXSdxALXglKh00QerubV9+exKLUethDGE/xvdRKKdsiMo72w+4yj/1bXAd4fXw+SDneUco7Q==",
      "requires": {
        "tslib": "1.9.3"
      }
    },
    "@angular/platform-browser": {
      "version": "6.1.0",
      "resolved": "https://registry.npmjs.org/@angular/platform-browser/-/platform-browser-6.1.0.tgz",
      "integrity": "sha512-LcpcHLpy+fjN+gKcnTkWuTTuF+uYT350mje1kNr4Advoco76tXYBjAda/EehG+vmQmDTd5E+uxJhKJr/1POVEw==",
      "requires": {
        "tslib": "1.9.3"
      }
    },
    "@angular/platform-browser-dynamic": {
      "version": "6.1.0",
      "resolved": "https://registry.npmjs.org/@angular/platform-browser-dynamic/-/platform-browser-dynamic-6.1.0.tgz",
      "integrity": "sha512-gjOJ38ciuIgdAuG8bEs/sdJmkfm/oICLrCcQexz+EUCZAiqbKDb0HvFTDaKaLtR7iDbTXVMQhoYMOyTY40FwLQ==",
      "requires": {
        "tslib": "1.9.3"
      }
    },
    "@angular/router": {
      "version": "6.1.0",
      "resolved": "https://registry.npmjs.org/@angular/router/-/router-6.1.0.tgz",
      "integrity": "sha512-tIcHLuat19cnoQBbOfe/8zAHVqf/9S17YgwSO6VUPTuXLRe9ZBgYT50BzqRhcm8ODOqVmLBQYlzP7zRcNRkHDA==",
      "requires": {
        "tslib": "1.9.3"
      }
    },
    "amazing-time-picker": {
      "version": "1.5.3",
      "resolved": "https://registry.npmjs.org/amazing-time-picker/-/amazing-time-picker-1.5.3.tgz",
      "integrity": "sha512-jlicMJ5EkwCfZYWOyy7dKgS7gm5uZJwj7XrFdoUp9elUvwLODPzfghQqiwzyFwwX17yfG2hbSMnlbrEJgYut/Q==",
      "requires": {
        "@angular/animations": "6.1.0",
        "@angular/common": "6.1.0",
        "@angular/compiler": "6.1.0",
        "@angular/core": "6.1.0",
        "@angular/forms": "6.1.0",
        "@angular/http": "6.1.0",
        "@angular/platform-browser": "6.1.0",
        "@angular/platform-browser-dynamic": "6.1.0",
        "@angular/router": "6.1.0",
        "core-js": "2.5.7",
        "intl": "1.2.5",
        "rxjs": "5.5.11",
        "zone.js": "0.8.26"
      }
    },
    "core-js": {
      "version": "2.5.7",
      "resolved": "https://registry.npmjs.org/core-js/-/core-js-2.5.7.tgz",
      "integrity": "sha512-RszJCAxg/PP6uzXVXL6BsxSXx/B05oJAQ2vkJRjyjrEcNVycaqOmNb5OTxZPE3xa5gwZduqza6L9JOCenh/Ecw=="
    },
    "intl": {
      "version": "1.2.5",
      "resolved": "https://registry.npmjs.org/intl/-/intl-1.2.5.tgz",
      "integrity": "sha1-giRKIZDE5Bn4Nx9ao02qNCDiq94="
    },
    "rxjs": {
      "version": "5.5.11",
      "resolved": "https://registry.npmjs.org/rxjs/-/rxjs-5.5.11.tgz",
      "integrity": "sha512-3bjO7UwWfA2CV7lmwYMBzj4fQ6Cq+ftHc2MvUe+WMS7wcdJ1LosDWmdjPQanYp2dBRj572p7PeU81JUxHKOcBA==",
      "requires": {
        "symbol-observable": "1.0.1"
      }
    },
    "symbol-observable": {
      "version": "1.0.1",
      "resolved": "https://registry.npmjs.org/symbol-observable/-/symbol-observable-1.0.1.tgz",
      "integrity": "sha1-g0D8RwLDEi310iKI+IKD9RPT/dQ="
    },
    "tslib": {
      "version": "1.9.3",
      "resolved": "https://registry.npmjs.org/tslib/-/tslib-1.9.3.tgz",
      "integrity": "sha512-4krF8scpejhaOgqzBEcGM7yDIEfi0/8+8zDRZhNZZ2kjmHJ4hv3zCbQWxoJGz1iw5U0Jl0nma13xzHXcncMavQ=="
    },
    "zone.js": {
      "version": "0.8.26",
      "resolved": "https://registry.npmjs.org/zone.js/-/zone.js-0.8.26.tgz",
      "integrity": "sha512-W9Nj+UmBJG251wkCacIkETgra4QgBo/vgoEkb4a2uoLzpQG7qF9nzwoLXWU5xj3Fg2mxGvEDh47mg24vXccYjA=="
    }
  }
}
